// !$*UTF8*$!
{
	archiveVersion = 1;
	classes = {
	};
	objectVersion = 55;
	objects = {

/* Begin PBXBuildFile section */
		040842DBECE66E60291D1F4AA544202A /* BDBOAuth1SessionManager.h in Headers */ = {isa = PBXBuildFile; fileRef = 32B80C76A5E052A88D325D41A00B8DDA /* BDBOAuth1SessionManager.h */; settings = {ATTRIBUTES = (Public, ); }; };
		09BE858876FA16410D7EE9FB86DEFFCC /* SystemConfiguration.framework in Frameworks */ = {isa = PBXBuildFile; fileRef = 83BD052A579739CF222ED22AD56A72D3 /* SystemConfiguration.framework */; };
		0E75E370B23394B2A4ECC79AD1DDC4E7 /* BDBOAuth1SessionManager.m in Sources */ = {isa = PBXBuildFile; fileRef = 32DD4D83B5EC16AAC8B461274BECDC4D /* BDBOAuth1SessionManager.m */; };
		13ED1E63A2C152A2D76C32EAF9BD338E /* NSDictionary+BDBOAuth1Manager.m in Sources */ = {isa = PBXBuildFile; fileRef = 16EE14084F86CF2FB66E291A28E5D728 /* NSDictionary+BDBOAuth1Manager.m */; };
		159220507D69C101DF726D6F079E972F /* AFSecurityPolicy.m in Sources */ = {isa = PBXBuildFile; fileRef = 7D39719745A28450AE90B37EF962E7C3 /* AFSecurityPolicy.m */; };
		19D84D87B898EE184A2753F92347B9C3 /* Pods-TwitterTests-umbrella.h in Headers */ = {isa = PBXBuildFile; fileRef = 3645BEF60A86F8004556C2AEC8288903 /* Pods-TwitterTests-umbrella.h */; settings = {ATTRIBUTES = (Public, ); }; };
		1B5D786D6C4EE9CD24B83797BC667753 /* AFNetworking-umbrella.h in Headers */ = {isa = PBXBuildFile; fileRef = 271DF4BC34EC44DBD711E6E846605578 /* AFNetworking-umbrella.h */; settings = {ATTRIBUTES = (Public, ); }; };
		1D6914434AECC7A2A2D5AEA24464241A /* AFSecurityPolicy.h in Headers */ = {isa = PBXBuildFile; fileRef = 207A32F71153D0F9168502DDEC63905E /* AFSecurityPolicy.h */; settings = {ATTRIBUTES = (Public, ); }; };
		206B07C611B8171962E2909C757FF5A7 /* BDBOAuth1RequestSerializer.m in Sources */ = {isa = PBXBuildFile; fileRef = 81C582146110CBACF329E3AF5E3541D2 /* BDBOAuth1RequestSerializer.m */; };
		26E213E53609F288A3A0AD8FC1109A26 /* Foundation.framework in Frameworks */ = {isa = PBXBuildFile; fileRef = 894B54DA06733FD730C8E2E26B228654 /* Foundation.framework */; };
		2F9D343FB9FC774014144AF2E8717BA2 /* AFURLResponseSerialization.h in Headers */ = {isa = PBXBuildFile; fileRef = 63122780D89C6687BB7D39F94DB449E7 /* AFURLResponseSerialization.h */; settings = {ATTRIBUTES = (Public, ); }; };
		549B87FC63968DEF019D0B12636CC0BC /* Pods-Twitter-TwitterUITests-dummy.m in Sources */ = {isa = PBXBuildFile; fileRef = 92C14EDB95492E95FC9E05267CFD6113 /* Pods-Twitter-TwitterUITests-dummy.m */; };
		63CA6CB5268DFEA6D88091D7466DA33A /* Security.framework in Frameworks */ = {isa = PBXBuildFile; fileRef = 98BB627936995ED38ED1DBFF599BE48B /* Security.framework */; };
		79584C469B3D1482213F0DEA64EEF69D /* Foundation.framework in Frameworks */ = {isa = PBXBuildFile; fileRef = 894B54DA06733FD730C8E2E26B228654 /* Foundation.framework */; };
		7CB41B12ABD94ACD151D0CF91B7E9405 /* Foundation.framework in Frameworks */ = {isa = PBXBuildFile; fileRef = 894B54DA06733FD730C8E2E26B228654 /* Foundation.framework */; };
		822D94880C994540D0DDD562F974A34B /* AFHTTPSessionManager.h in Headers */ = {isa = PBXBuildFile; fileRef = 54979FE99886E2261D1245A5DCF2CA75 /* AFHTTPSessionManager.h */; settings = {ATTRIBUTES = (Public, ); }; };
		89488A8524FF89D5EEAF6BE31C8B1E8A /* AFURLRequestSerialization.m in Sources */ = {isa = PBXBuildFile; fileRef = AD5FA02C3DD189A826DFDB62A69B2A2B /* AFURLRequestSerialization.m */; };
		89E109ACF923E14103812A85F054F32C /* AFURLSessionManager.m in Sources */ = {isa = PBXBuildFile; fileRef = 3822DDFCDB3EFB66E8B2CD01ADFB8545 /* AFURLSessionManager.m */; };
		9F3E658BB146B3E15223C67B365B7700 /* BDBOAuth1Manager-dummy.m in Sources */ = {isa = PBXBuildFile; fileRef = 9F5BC6BDE5990EDE172879F5E320D73C /* BDBOAuth1Manager-dummy.m */; };
		B52A260053426F6341DB6CB66AD01992 /* AFURLRequestSerialization.h in Headers */ = {isa = PBXBuildFile; fileRef = C84356B67A97182915646C9708A7F6AE /* AFURLRequestSerialization.h */; settings = {ATTRIBUTES = (Public, ); }; };
		C58F682075299264D247E759488F6FB5 /* BDBOAuth1RequestSerializer.h in Headers */ = {isa = PBXBuildFile; fileRef = 50E9DA38AA2565372A5C5DEE68239B40 /* BDBOAuth1RequestSerializer.h */; settings = {ATTRIBUTES = (Public, ); }; };
		C762C65F80FB573DC93D5BB43ECCBFD5 /* BDBOAuth1Manager-umbrella.h in Headers */ = {isa = PBXBuildFile; fileRef = CEC35F695352625EA3A8177A76F3FAEE /* BDBOAuth1Manager-umbrella.h */; settings = {ATTRIBUTES = (Public, ); }; };
		CFE95272F76DF03BADA5560A915DF7CB /* NSString+BDBOAuth1Manager.h in Headers */ = {isa = PBXBuildFile; fileRef = 8E967AEBE7ECB37E177E28FB6FAD7509 /* NSString+BDBOAuth1Manager.h */; settings = {ATTRIBUTES = (Public, ); }; };
		D193E7520993BAFF98A439E8DF89EA59 /* NSDictionary+BDBOAuth1Manager.h in Headers */ = {isa = PBXBuildFile; fileRef = 8D11162C98BE35D027B4C8FD3692B027 /* NSDictionary+BDBOAuth1Manager.h */; settings = {ATTRIBUTES = (Public, ); }; };
		D8E08496D6E358C574382D3EDA5545C8 /* AFURLResponseSerialization.m in Sources */ = {isa = PBXBuildFile; fileRef = DF032CBA6703F10AA4B2292B37246C03 /* AFURLResponseSerialization.m */; };
		DAB425139E181BE6DD4797ABDCAC08D1 /* AFURLSessionManager.h in Headers */ = {isa = PBXBuildFile; fileRef = FD260B631C8D511DD945E1DE2063FACD /* AFURLSessionManager.h */; settings = {ATTRIBUTES = (Public, ); }; };
		DE472D2B5F5072D5DA7DA593EC15F526 /* MobileCoreServices.framework in Frameworks */ = {isa = PBXBuildFile; fileRef = 184765213831524EBBA56491EADF44BB /* MobileCoreServices.framework */; };
		DF84A2E29FA47BDE6AFADA50D5914112 /* Pods-Twitter-dummy.m in Sources */ = {isa = PBXBuildFile; fileRef = 9A1BD01CAB999195B0E6B181E878ADFE /* Pods-Twitter-dummy.m */; };
		E323C5913449D9F21C219F8AF19BA3E8 /* Foundation.framework in Frameworks */ = {isa = PBXBuildFile; fileRef = 894B54DA06733FD730C8E2E26B228654 /* Foundation.framework */; };
		E324F7C49CB21191B9C062CD94551896 /* Pods-Twitter-TwitterUITests-umbrella.h in Headers */ = {isa = PBXBuildFile; fileRef = D1FE149A93DD4942E1E21530335BA170 /* Pods-Twitter-TwitterUITests-umbrella.h */; settings = {ATTRIBUTES = (Public, ); }; };
		E4F0A9CEBB5659EC83E9F080EAD8F52A /* Pods-TwitterTests-dummy.m in Sources */ = {isa = PBXBuildFile; fileRef = 06F5FA3E6F8C7E9B75AC5D2F04DE8B5C /* Pods-TwitterTests-dummy.m */; };
		E882BD9E55DF1FBCE74BBEA5DFCC6A8D /* AFHTTPSessionManager.m in Sources */ = {isa = PBXBuildFile; fileRef = 064DA36DB23719011321F70F81288DCA /* AFHTTPSessionManager.m */; };
		EA66AE0C38E25C85D83176BA240E153C /* CoreGraphics.framework in Frameworks */ = {isa = PBXBuildFile; fileRef = DDD797D25089E2F3B4D72A37846DF16F /* CoreGraphics.framework */; };
		F1C45898E7486135A72E8D1758F408CC /* Pods-Twitter-umbrella.h in Headers */ = {isa = PBXBuildFile; fileRef = F60E37D5D4C16995F4F7CA3304A27614 /* Pods-Twitter-umbrella.h */; settings = {ATTRIBUTES = (Public, ); }; };
		F258E66AB357C766A9DB015CD298E52C /* NSString+BDBOAuth1Manager.m in Sources */ = {isa = PBXBuildFile; fileRef = 2F76EEAA7A37D4C735650F87D50DF72D /* NSString+BDBOAuth1Manager.m */; };
		F4DB4A1211EE88900A8419AFB665CEBD /* AFNetworking-dummy.m in Sources */ = {isa = PBXBuildFile; fileRef = FD0CEF26584634F85A0AC9ABCE47BB8B /* AFNetworking-dummy.m */; };
		F6218CB647DDDC6E7EB97064150F9757 /* AFNetworkReachabilityManager.h in Headers */ = {isa = PBXBuildFile; fileRef = 673BE62DCE9A70020BE391EA2F863003 /* AFNetworkReachabilityManager.h */; settings = {ATTRIBUTES = (Public, ); }; };
		FDBDD04DAB167AF63D9A6BC2F63C55D8 /* Foundation.framework in Frameworks */ = {isa = PBXBuildFile; fileRef = 894B54DA06733FD730C8E2E26B228654 /* Foundation.framework */; };
		FE9E8A0DBEE3A396F42322046431EBEB /* AFNetworkReachabilityManager.m in Sources */ = {isa = PBXBuildFile; fileRef = 246C8ED92D9B3AB016DE941336EC9C06 /* AFNetworkReachabilityManager.m */; };
/* End PBXBuildFile section */

/* Begin PBXContainerItemProxy section */
		30755F5ADC16FDD67844FCD757FE89F9 /* PBXContainerItemProxy */ = {
			isa = PBXContainerItemProxy;
			containerPortal = BFDFE7DC352907FC980B868725387E98 /* Project object */;
			proxyType = 1;
			remoteGlobalIDString = D6F025C9E46988818AB45506C8CB4F73;
			remoteInfo = "Pods-Twitter";
		};
		48874A816200F55A6E24114D19758092 /* PBXContainerItemProxy */ = {
			isa = PBXContainerItemProxy;
			containerPortal = BFDFE7DC352907FC980B868725387E98 /* Project object */;
			proxyType = 1;
			remoteGlobalIDString = 0130B3724283586C0E9D2A112D4F2AA1;
			remoteInfo = AFNetworking;
		};
		7C023F809D3112EF4F8E687FA90A6688 /* PBXContainerItemProxy */ = {
			isa = PBXContainerItemProxy;
			containerPortal = BFDFE7DC352907FC980B868725387E98 /* Project object */;
			proxyType = 1;
			remoteGlobalIDString = 073980BAD136EF68A79753E38B945EFC;
			remoteInfo = BDBOAuth1Manager;
		};
		D64B4FC35EE74B19BEA62ACB28766542 /* PBXContainerItemProxy */ = {
			isa = PBXContainerItemProxy;
			containerPortal = BFDFE7DC352907FC980B868725387E98 /* Project object */;
			proxyType = 1;
			remoteGlobalIDString = 0130B3724283586C0E9D2A112D4F2AA1;
			remoteInfo = AFNetworking;
		};
		E464A31CE61B4FCF4D1E00E7BFDC558A /* PBXContainerItemProxy */ = {
			isa = PBXContainerItemProxy;
			containerPortal = BFDFE7DC352907FC980B868725387E98 /* Project object */;
			proxyType = 1;
			remoteGlobalIDString = 0130B3724283586C0E9D2A112D4F2AA1;
			remoteInfo = AFNetworking;
		};
		EAADA375C71224B8141B5FE8F88BF457 /* PBXContainerItemProxy */ = {
			isa = PBXContainerItemProxy;
			containerPortal = BFDFE7DC352907FC980B868725387E98 /* Project object */;
			proxyType = 1;
			remoteGlobalIDString = 073980BAD136EF68A79753E38B945EFC;
			remoteInfo = BDBOAuth1Manager;
		};
/* End PBXContainerItemProxy section */

/* Begin PBXFileReference section */
		01A882C911E9480A50D375F55105B94E /* BDBOAuth1Manager.release.xcconfig */ = {isa = PBXFileReference; includeInIndex = 1; lastKnownFileType = text.xcconfig; path = BDBOAuth1Manager.release.xcconfig; sourceTree = "<group>"; };
		02BBA8B78DADE4537FD02EE57F80D2A6 /* Pods-Twitter-TwitterUITests-Info.plist */ = {isa = PBXFileReference; includeInIndex = 1; lastKnownFileType = text.plist.xml; path = "Pods-Twitter-TwitterUITests-Info.plist"; sourceTree = "<group>"; };
		064DA36DB23719011321F70F81288DCA /* AFHTTPSessionManager.m */ = {isa = PBXFileReference; includeInIndex = 1; lastKnownFileType = sourcecode.c.objc; name = AFHTTPSessionManager.m; path = AFNetworking/AFHTTPSessionManager.m; sourceTree = "<group>"; };
		06C14CC6E8BB5F1A2556811E5E85C28D /* Pods-TwitterTests-acknowledgements.markdown */ = {isa = PBXFileReference; includeInIndex = 1; lastKnownFileType = text; path = "Pods-TwitterTests-acknowledgements.markdown"; sourceTree = "<group>"; };
		06F5FA3E6F8C7E9B75AC5D2F04DE8B5C /* Pods-TwitterTests-dummy.m */ = {isa = PBXFileReference; includeInIndex = 1; lastKnownFileType = sourcecode.c.objc; path = "Pods-TwitterTests-dummy.m"; sourceTree = "<group>"; };
		15362549627DA6AFE3FB9814F3FD294A /* Pods-Twitter-TwitterUITests.release.xcconfig */ = {isa = PBXFileReference; includeInIndex = 1; lastKnownFileType = text.xcconfig; path = "Pods-Twitter-TwitterUITests.release.xcconfig"; sourceTree = "<group>"; };
		16A16129924BB0AF7FAB323C1D25D7F6 /* Pods-Twitter-TwitterUITests-frameworks.sh */ = {isa = PBXFileReference; includeInIndex = 1; lastKnownFileType = text.script.sh; path = "Pods-Twitter-TwitterUITests-frameworks.sh"; sourceTree = "<group>"; };
		16EE14084F86CF2FB66E291A28E5D728 /* NSDictionary+BDBOAuth1Manager.m */ = {isa = PBXFileReference; includeInIndex = 1; lastKnownFileType = sourcecode.c.objc; name = "NSDictionary+BDBOAuth1Manager.m"; path = "BDBOAuth1Manager/Categories/NSDictionary+BDBOAuth1Manager.m"; sourceTree = "<group>"; };
		184765213831524EBBA56491EADF44BB /* MobileCoreServices.framework */ = {isa = PBXFileReference; lastKnownFileType = wrapper.framework; name = MobileCoreServices.framework; path = Platforms/iPhoneOS.platform/Developer/SDKs/iPhoneOS14.0.sdk/System/Library/Frameworks/MobileCoreServices.framework; sourceTree = DEVELOPER_DIR; };
		201B0526549FB5C6DDB6147F395CB89D /* AFNetworking-Info.plist */ = {isa = PBXFileReference; includeInIndex = 1; lastKnownFileType = text.plist.xml; path = "AFNetworking-Info.plist"; sourceTree = "<group>"; };
		207A32F71153D0F9168502DDEC63905E /* AFSecurityPolicy.h */ = {isa = PBXFileReference; includeInIndex = 1; lastKnownFileType = sourcecode.c.h; name = AFSecurityPolicy.h; path = AFNetworking/AFSecurityPolicy.h; sourceTree = "<group>"; };
		246C8ED92D9B3AB016DE941336EC9C06 /* AFNetworkReachabilityManager.m */ = {isa = PBXFileReference; includeInIndex = 1; lastKnownFileType = sourcecode.c.objc; name = AFNetworkReachabilityManager.m; path = AFNetworking/AFNetworkReachabilityManager.m; sourceTree = "<group>"; };
		264A244C48CC583D2F77792B5DF5467F /* BDBOAuth1Manager-prefix.pch */ = {isa = PBXFileReference; includeInIndex = 1; lastKnownFileType = sourcecode.c.h; path = "BDBOAuth1Manager-prefix.pch"; sourceTree = "<group>"; };
		271DF4BC34EC44DBD711E6E846605578 /* AFNetworking-umbrella.h */ = {isa = PBXFileReference; includeInIndex = 1; lastKnownFileType = sourcecode.c.h; path = "AFNetworking-umbrella.h"; sourceTree = "<group>"; };
		28047BAA51B0A96B3E3002848D52293B /* Pods-Twitter */ = {isa = PBXFileReference; explicitFileType = wrapper.framework; includeInIndex = 0; name = "Pods-Twitter"; path = Pods_Twitter.framework; sourceTree = BUILT_PRODUCTS_DIR; };
		29CDB841BF7F5DE2DA4BB4BF61D2E5E1 /* Pods-TwitterTests */ = {isa = PBXFileReference; explicitFileType = wrapper.framework; includeInIndex = 0; name = "Pods-TwitterTests"; path = Pods_TwitterTests.framework; sourceTree = BUILT_PRODUCTS_DIR; };
		2ABF5726EC43F30D7518BB8F113823B4 /* Pods-TwitterTests-acknowledgements.plist */ = {isa = PBXFileReference; includeInIndex = 1; lastKnownFileType = text.plist.xml; path = "Pods-TwitterTests-acknowledgements.plist"; sourceTree = "<group>"; };
		2D409645D088AB9189F3E7CD44A1CCFA /* BDBOAuth1Manager */ = {isa = PBXFileReference; explicitFileType = wrapper.framework; includeInIndex = 0; name = BDBOAuth1Manager; path = BDBOAuth1Manager.framework; sourceTree = BUILT_PRODUCTS_DIR; };
		2F76EEAA7A37D4C735650F87D50DF72D /* NSString+BDBOAuth1Manager.m */ = {isa = PBXFileReference; includeInIndex = 1; lastKnownFileType = sourcecode.c.objc; name = "NSString+BDBOAuth1Manager.m"; path = "BDBOAuth1Manager/Categories/NSString+BDBOAuth1Manager.m"; sourceTree = "<group>"; };
		32B80C76A5E052A88D325D41A00B8DDA /* BDBOAuth1SessionManager.h */ = {isa = PBXFileReference; includeInIndex = 1; lastKnownFileType = sourcecode.c.h; name = BDBOAuth1SessionManager.h; path = BDBOAuth1Manager/BDBOAuth1SessionManager.h; sourceTree = "<group>"; };
		32CC6F2BF7D17BD18E4B1720629C011A /* Pods-TwitterTests.release.xcconfig */ = {isa = PBXFileReference; includeInIndex = 1; lastKnownFileType = text.xcconfig; path = "Pods-TwitterTests.release.xcconfig"; sourceTree = "<group>"; };
		32DD4D83B5EC16AAC8B461274BECDC4D /* BDBOAuth1SessionManager.m */ = {isa = PBXFileReference; includeInIndex = 1; lastKnownFileType = sourcecode.c.objc; name = BDBOAuth1SessionManager.m; path = BDBOAuth1Manager/BDBOAuth1SessionManager.m; sourceTree = "<group>"; };
		3645BEF60A86F8004556C2AEC8288903 /* Pods-TwitterTests-umbrella.h */ = {isa = PBXFileReference; includeInIndex = 1; lastKnownFileType = sourcecode.c.h; path = "Pods-TwitterTests-umbrella.h"; sourceTree = "<group>"; };
		3822DDFCDB3EFB66E8B2CD01ADFB8545 /* AFURLSessionManager.m */ = {isa = PBXFileReference; includeInIndex = 1; lastKnownFileType = sourcecode.c.objc; name = AFURLSessionManager.m; path = AFNetworking/AFURLSessionManager.m; sourceTree = "<group>"; };
		3925351BB403F49146F5FAC868BB3D5B /* BDBOAuth1Manager-Info.plist */ = {isa = PBXFileReference; includeInIndex = 1; lastKnownFileType = text.plist.xml; path = "BDBOAuth1Manager-Info.plist"; sourceTree = "<group>"; };
		3C5D1A16EFB9C6323E3DF8537110709F /* AFNetworking-prefix.pch */ = {isa = PBXFileReference; includeInIndex = 1; lastKnownFileType = sourcecode.c.h; path = "AFNetworking-prefix.pch"; sourceTree = "<group>"; };
		3F02CBE3F5819E95F88E27077F0CDA35 /* Pods-Twitter.modulemap */ = {isa = PBXFileReference; includeInIndex = 1; lastKnownFileType = sourcecode.module; path = "Pods-Twitter.modulemap"; sourceTree = "<group>"; };
		4923261E411D86526CE2010D57655800 /* Pods-Twitter-TwitterUITests */ = {isa = PBXFileReference; explicitFileType = wrapper.framework; includeInIndex = 0; name = "Pods-Twitter-TwitterUITests"; path = Pods_Twitter_TwitterUITests.framework; sourceTree = BUILT_PRODUCTS_DIR; };
		4DD9B0C343531B6E0DF24CBF2AEB51CE /* Pods-Twitter-acknowledgements.plist */ = {isa = PBXFileReference; includeInIndex = 1; lastKnownFileType = text.plist.xml; path = "Pods-Twitter-acknowledgements.plist"; sourceTree = "<group>"; };
		50E9DA38AA2565372A5C5DEE68239B40 /* BDBOAuth1RequestSerializer.h */ = {isa = PBXFileReference; includeInIndex = 1; lastKnownFileType = sourcecode.c.h; name = BDBOAuth1RequestSerializer.h; path = BDBOAuth1Manager/BDBOAuth1RequestSerializer.h; sourceTree = "<group>"; };
		54979FE99886E2261D1245A5DCF2CA75 /* AFHTTPSessionManager.h */ = {isa = PBXFileReference; includeInIndex = 1; lastKnownFileType = sourcecode.c.h; name = AFHTTPSessionManager.h; path = AFNetworking/AFHTTPSessionManager.h; sourceTree = "<group>"; };
		59CE182290DD45C01CAA82858909E27C /* AFNetworking.debug.xcconfig */ = {isa = PBXFileReference; includeInIndex = 1; lastKnownFileType = text.xcconfig; path = AFNetworking.debug.xcconfig; sourceTree = "<group>"; };
		61F7BA52D0DAD0DE6D6938B1CBF80D47 /* AFNetworking.release.xcconfig */ = {isa = PBXFileReference; includeInIndex = 1; lastKnownFileType = text.xcconfig; path = AFNetworking.release.xcconfig; sourceTree = "<group>"; };
		63122780D89C6687BB7D39F94DB449E7 /* AFURLResponseSerialization.h */ = {isa = PBXFileReference; includeInIndex = 1; lastKnownFileType = sourcecode.c.h; name = AFURLResponseSerialization.h; path = AFNetworking/AFURLResponseSerialization.h; sourceTree = "<group>"; };
		669A930F2BB4D2428A09786A28977B22 /* Pods-TwitterTests.modulemap */ = {isa = PBXFileReference; includeInIndex = 1; lastKnownFileType = sourcecode.module; path = "Pods-TwitterTests.modulemap"; sourceTree = "<group>"; };
		673BE62DCE9A70020BE391EA2F863003 /* AFNetworkReachabilityManager.h */ = {isa = PBXFileReference; includeInIndex = 1; lastKnownFileType = sourcecode.c.h; name = AFNetworkReachabilityManager.h; path = AFNetworking/AFNetworkReachabilityManager.h; sourceTree = "<group>"; };
		7BB13678AEDEC815B6541EA9A20E4221 /* Pods-Twitter-Info.plist */ = {isa = PBXFileReference; includeInIndex = 1; lastKnownFileType = text.plist.xml; path = "Pods-Twitter-Info.plist"; sourceTree = "<group>"; };
		7C42F5849189A9CC75ACA7BE628AE851 /* Pods-TwitterTests-Info.plist */ = {isa = PBXFileReference; includeInIndex = 1; lastKnownFileType = text.plist.xml; path = "Pods-TwitterTests-Info.plist"; sourceTree = "<group>"; };
		7D39719745A28450AE90B37EF962E7C3 /* AFSecurityPolicy.m */ = {isa = PBXFileReference; includeInIndex = 1; lastKnownFileType = sourcecode.c.objc; name = AFSecurityPolicy.m; path = AFNetworking/AFSecurityPolicy.m; sourceTree = "<group>"; };
		7D57E6BB4E5639B8A09887A2A644A9EA /* BDBOAuth1Manager.modulemap */ = {isa = PBXFileReference; includeInIndex = 1; lastKnownFileType = sourcecode.module; path = BDBOAuth1Manager.modulemap; sourceTree = "<group>"; };
		81C582146110CBACF329E3AF5E3541D2 /* BDBOAuth1RequestSerializer.m */ = {isa = PBXFileReference; includeInIndex = 1; lastKnownFileType = sourcecode.c.objc; name = BDBOAuth1RequestSerializer.m; path = BDBOAuth1Manager/BDBOAuth1RequestSerializer.m; sourceTree = "<group>"; };
		83BD052A579739CF222ED22AD56A72D3 /* SystemConfiguration.framework */ = {isa = PBXFileReference; lastKnownFileType = wrapper.framework; name = SystemConfiguration.framework; path = Platforms/iPhoneOS.platform/Developer/SDKs/iPhoneOS14.0.sdk/System/Library/Frameworks/SystemConfiguration.framework; sourceTree = DEVELOPER_DIR; };
		894B54DA06733FD730C8E2E26B228654 /* Foundation.framework */ = {isa = PBXFileReference; lastKnownFileType = wrapper.framework; name = Foundation.framework; path = Platforms/iPhoneOS.platform/Developer/SDKs/iPhoneOS14.0.sdk/System/Library/Frameworks/Foundation.framework; sourceTree = DEVELOPER_DIR; };
		89A1B717037EB140EFD5A4E71F661799 /* AFNetworking.modulemap */ = {isa = PBXFileReference; includeInIndex = 1; lastKnownFileType = sourcecode.module; path = AFNetworking.modulemap; sourceTree = "<group>"; };
		8C44A21F7B6BB56302B56D522EF82612 /* Pods-Twitter-frameworks.sh */ = {isa = PBXFileReference; includeInIndex = 1; lastKnownFileType = text.script.sh; path = "Pods-Twitter-frameworks.sh"; sourceTree = "<group>"; };
		8D11162C98BE35D027B4C8FD3692B027 /* NSDictionary+BDBOAuth1Manager.h */ = {isa = PBXFileReference; includeInIndex = 1; lastKnownFileType = sourcecode.c.h; name = "NSDictionary+BDBOAuth1Manager.h"; path = "BDBOAuth1Manager/Categories/NSDictionary+BDBOAuth1Manager.h"; sourceTree = "<group>"; };
		8E967AEBE7ECB37E177E28FB6FAD7509 /* NSString+BDBOAuth1Manager.h */ = {isa = PBXFileReference; includeInIndex = 1; lastKnownFileType = sourcecode.c.h; name = "NSString+BDBOAuth1Manager.h"; path = "BDBOAuth1Manager/Categories/NSString+BDBOAuth1Manager.h"; sourceTree = "<group>"; };
		92C14EDB95492E95FC9E05267CFD6113 /* Pods-Twitter-TwitterUITests-dummy.m */ = {isa = PBXFileReference; includeInIndex = 1; lastKnownFileType = sourcecode.c.objc; path = "Pods-Twitter-TwitterUITests-dummy.m"; sourceTree = "<group>"; };
		95553AA1E972FC9B4ADA6A11A8B9B62C /* Pods-Twitter-TwitterUITests.modulemap */ = {isa = PBXFileReference; includeInIndex = 1; lastKnownFileType = sourcecode.module; path = "Pods-Twitter-TwitterUITests.modulemap"; sourceTree = "<group>"; };
		96828BA3523365DA9D13CABBD379E857 /* Pods-Twitter-acknowledgements.markdown */ = {isa = PBXFileReference; includeInIndex = 1; lastKnownFileType = text; path = "Pods-Twitter-acknowledgements.markdown"; sourceTree = "<group>"; };
		98BB627936995ED38ED1DBFF599BE48B /* Security.framework */ = {isa = PBXFileReference; lastKnownFileType = wrapper.framework; name = Security.framework; path = Platforms/iPhoneOS.platform/Developer/SDKs/iPhoneOS14.0.sdk/System/Library/Frameworks/Security.framework; sourceTree = DEVELOPER_DIR; };
		9A1BD01CAB999195B0E6B181E878ADFE /* Pods-Twitter-dummy.m */ = {isa = PBXFileReference; includeInIndex = 1; lastKnownFileType = sourcecode.c.objc; path = "Pods-Twitter-dummy.m"; sourceTree = "<group>"; };
		9C35CA0BE8622BA682EE5B9C1CC262F8 /* Pods-TwitterTests.debug.xcconfig */ = {isa = PBXFileReference; includeInIndex = 1; lastKnownFileType = text.xcconfig; path = "Pods-TwitterTests.debug.xcconfig"; sourceTree = "<group>"; };
		9D940727FF8FB9C785EB98E56350EF41 /* Podfile */ = {isa = PBXFileReference; explicitFileType = text.script.ruby; includeInIndex = 1; indentWidth = 2; lastKnownFileType = text; name = Podfile; path = ../Podfile; sourceTree = SOURCE_ROOT; tabWidth = 2; xcLanguageSpecificationIdentifier = xcode.lang.ruby; };
		9F5BC6BDE5990EDE172879F5E320D73C /* BDBOAuth1Manager-dummy.m */ = {isa = PBXFileReference; includeInIndex = 1; lastKnownFileType = sourcecode.c.objc; path = "BDBOAuth1Manager-dummy.m"; sourceTree = "<group>"; };
		A4FA15D44DF6BAC7550EDEED10862AA3 /* AFNetworking */ = {isa = PBXFileReference; explicitFileType = wrapper.framework; includeInIndex = 0; name = AFNetworking; path = AFNetworking.framework; sourceTree = BUILT_PRODUCTS_DIR; };
		A91200CD7FFBD912CD1E91E3D3424253 /* Pods-Twitter.debug.xcconfig */ = {isa = PBXFileReference; includeInIndex = 1; lastKnownFileType = text.xcconfig; path = "Pods-Twitter.debug.xcconfig"; sourceTree = "<group>"; };
		AC91DC0D44AE805C9F0BF2F46A7433B1 /* Pods-Twitter.release.xcconfig */ = {isa = PBXFileReference; includeInIndex = 1; lastKnownFileType = text.xcconfig; path = "Pods-Twitter.release.xcconfig"; sourceTree = "<group>"; };
		AD5FA02C3DD189A826DFDB62A69B2A2B /* AFURLRequestSerialization.m */ = {isa = PBXFileReference; includeInIndex = 1; lastKnownFileType = sourcecode.c.objc; name = AFURLRequestSerialization.m; path = AFNetworking/AFURLRequestSerialization.m; sourceTree = "<group>"; };
		C84356B67A97182915646C9708A7F6AE /* AFURLRequestSerialization.h */ = {isa = PBXFileReference; includeInIndex = 1; lastKnownFileType = sourcecode.c.h; name = AFURLRequestSerialization.h; path = AFNetworking/AFURLRequestSerialization.h; sourceTree = "<group>"; };
		CEC35F695352625EA3A8177A76F3FAEE /* BDBOAuth1Manager-umbrella.h */ = {isa = PBXFileReference; includeInIndex = 1; lastKnownFileType = sourcecode.c.h; path = "BDBOAuth1Manager-umbrella.h"; sourceTree = "<group>"; };
		D1FE149A93DD4942E1E21530335BA170 /* Pods-Twitter-TwitterUITests-umbrella.h */ = {isa = PBXFileReference; includeInIndex = 1; lastKnownFileType = sourcecode.c.h; path = "Pods-Twitter-TwitterUITests-umbrella.h"; sourceTree = "<group>"; };
		D6FE67531F0269BC5B367F891C4EA34E /* BDBOAuth1Manager.debug.xcconfig */ = {isa = PBXFileReference; includeInIndex = 1; lastKnownFileType = text.xcconfig; path = BDBOAuth1Manager.debug.xcconfig; sourceTree = "<group>"; };
		DDD797D25089E2F3B4D72A37846DF16F /* CoreGraphics.framework */ = {isa = PBXFileReference; lastKnownFileType = wrapper.framework; name = CoreGraphics.framework; path = Platforms/iPhoneOS.platform/Developer/SDKs/iPhoneOS14.0.sdk/System/Library/Frameworks/CoreGraphics.framework; sourceTree = DEVELOPER_DIR; };
		DF032CBA6703F10AA4B2292B37246C03 /* AFURLResponseSerialization.m */ = {isa = PBXFileReference; includeInIndex = 1; lastKnownFileType = sourcecode.c.objc; name = AFURLResponseSerialization.m; path = AFNetworking/AFURLResponseSerialization.m; sourceTree = "<group>"; };
		E4A00A41C3A3CACEF24DB07D94933588 /* Pods-Twitter-TwitterUITests.debug.xcconfig */ = {isa = PBXFileReference; includeInIndex = 1; lastKnownFileType = text.xcconfig; path = "Pods-Twitter-TwitterUITests.debug.xcconfig"; sourceTree = "<group>"; };
		E8189A3C3337D22EDAB53A24545FD9CC /* Pods-Twitter-TwitterUITests-acknowledgements.plist */ = {isa = PBXFileReference; includeInIndex = 1; lastKnownFileType = text.plist.xml; path = "Pods-Twitter-TwitterUITests-acknowledgements.plist"; sourceTree = "<group>"; };
		F60E37D5D4C16995F4F7CA3304A27614 /* Pods-Twitter-umbrella.h */ = {isa = PBXFileReference; includeInIndex = 1; lastKnownFileType = sourcecode.c.h; path = "Pods-Twitter-umbrella.h"; sourceTree = "<group>"; };
		FA5800D9F2D9C94B2D3E050AE9799CBB /* Pods-Twitter-TwitterUITests-acknowledgements.markdown */ = {isa = PBXFileReference; includeInIndex = 1; lastKnownFileType = text; path = "Pods-Twitter-TwitterUITests-acknowledgements.markdown"; sourceTree = "<group>"; };
		FD0CEF26584634F85A0AC9ABCE47BB8B /* AFNetworking-dummy.m */ = {isa = PBXFileReference; includeInIndex = 1; lastKnownFileType = sourcecode.c.objc; path = "AFNetworking-dummy.m"; sourceTree = "<group>"; };
		FD260B631C8D511DD945E1DE2063FACD /* AFURLSessionManager.h */ = {isa = PBXFileReference; includeInIndex = 1; lastKnownFileType = sourcecode.c.h; name = AFURLSessionManager.h; path = AFNetworking/AFURLSessionManager.h; sourceTree = "<group>"; };
/* End PBXFileReference section */

/* Begin PBXFrameworksBuildPhase section */
		55C4424D9E7DC79CF5C0CC3C9E9F3D13 /* Frameworks */ = {
			isa = PBXFrameworksBuildPhase;
			buildActionMask = 2147483647;
			files = (
				7CB41B12ABD94ACD151D0CF91B7E9405 /* Foundation.framework in Frameworks */,
			);
			runOnlyForDeploymentPostprocessing = 0;
		};
		7421DAA2336FC29B08D7DFD2FFAF0899 /* Frameworks */ = {
			isa = PBXFrameworksBuildPhase;
			buildActionMask = 2147483647;
			files = (
				79584C469B3D1482213F0DEA64EEF69D /* Foundation.framework in Frameworks */,
			);
			runOnlyForDeploymentPostprocessing = 0;
		};
		8093F37A5E8BD6EF52E5CDEE958FC346 /* Frameworks */ = {
			isa = PBXFrameworksBuildPhase;
			buildActionMask = 2147483647;
			files = (
				E323C5913449D9F21C219F8AF19BA3E8 /* Foundation.framework in Frameworks */,
			);
			runOnlyForDeploymentPostprocessing = 0;
		};
		CA9EAE995E511044A903321059171AED /* Frameworks */ = {
			isa = PBXFrameworksBuildPhase;
			buildActionMask = 2147483647;
			files = (
				FDBDD04DAB167AF63D9A6BC2F63C55D8 /* Foundation.framework in Frameworks */,
			);
			runOnlyForDeploymentPostprocessing = 0;
		};
		D8D6F4CC5745EABBFA597DEFE9806C48 /* Frameworks */ = {
			isa = PBXFrameworksBuildPhase;
			buildActionMask = 2147483647;
			files = (
				EA66AE0C38E25C85D83176BA240E153C /* CoreGraphics.framework in Frameworks */,
				26E213E53609F288A3A0AD8FC1109A26 /* Foundation.framework in Frameworks */,
				DE472D2B5F5072D5DA7DA593EC15F526 /* MobileCoreServices.framework in Frameworks */,
				63CA6CB5268DFEA6D88091D7466DA33A /* Security.framework in Frameworks */,
				09BE858876FA16410D7EE9FB86DEFFCC /* SystemConfiguration.framework in Frameworks */,
			);
			runOnlyForDeploymentPostprocessing = 0;
		};
/* End PBXFrameworksBuildPhase section */

/* Begin PBXGroup section */
		235F041C34907BACD96254FC56EAB1D0 /* iOS */ = {
			isa = PBXGroup;
			children = (
				DDD797D25089E2F3B4D72A37846DF16F /* CoreGraphics.framework */,
				894B54DA06733FD730C8E2E26B228654 /* Foundation.framework */,
				184765213831524EBBA56491EADF44BB /* MobileCoreServices.framework */,
				98BB627936995ED38ED1DBFF599BE48B /* Security.framework */,
				83BD052A579739CF222ED22AD56A72D3 /* SystemConfiguration.framework */,
			);
			name = iOS;
			sourceTree = "<group>";
		};
		3D630F5A9A25E6FF41D1321274DB2C65 /* Pods-Twitter-TwitterUITests */ = {
			isa = PBXGroup;
			children = (
				95553AA1E972FC9B4ADA6A11A8B9B62C /* Pods-Twitter-TwitterUITests.modulemap */,
				FA5800D9F2D9C94B2D3E050AE9799CBB /* Pods-Twitter-TwitterUITests-acknowledgements.markdown */,
				E8189A3C3337D22EDAB53A24545FD9CC /* Pods-Twitter-TwitterUITests-acknowledgements.plist */,
				92C14EDB95492E95FC9E05267CFD6113 /* Pods-Twitter-TwitterUITests-dummy.m */,
				16A16129924BB0AF7FAB323C1D25D7F6 /* Pods-Twitter-TwitterUITests-frameworks.sh */,
				02BBA8B78DADE4537FD02EE57F80D2A6 /* Pods-Twitter-TwitterUITests-Info.plist */,
				D1FE149A93DD4942E1E21530335BA170 /* Pods-Twitter-TwitterUITests-umbrella.h */,
				E4A00A41C3A3CACEF24DB07D94933588 /* Pods-Twitter-TwitterUITests.debug.xcconfig */,
				15362549627DA6AFE3FB9814F3FD294A /* Pods-Twitter-TwitterUITests.release.xcconfig */,
			);
			name = "Pods-Twitter-TwitterUITests";
			path = "Target Support Files/Pods-Twitter-TwitterUITests";
			sourceTree = "<group>";
		};
		43585767661FE0217A80F2C3B9398925 /* Pods-TwitterTests */ = {
			isa = PBXGroup;
			children = (
				669A930F2BB4D2428A09786A28977B22 /* Pods-TwitterTests.modulemap */,
				06C14CC6E8BB5F1A2556811E5E85C28D /* Pods-TwitterTests-acknowledgements.markdown */,
				2ABF5726EC43F30D7518BB8F113823B4 /* Pods-TwitterTests-acknowledgements.plist */,
				06F5FA3E6F8C7E9B75AC5D2F04DE8B5C /* Pods-TwitterTests-dummy.m */,
				7C42F5849189A9CC75ACA7BE628AE851 /* Pods-TwitterTests-Info.plist */,
				3645BEF60A86F8004556C2AEC8288903 /* Pods-TwitterTests-umbrella.h */,
				9C35CA0BE8622BA682EE5B9C1CC262F8 /* Pods-TwitterTests.debug.xcconfig */,
				32CC6F2BF7D17BD18E4B1720629C011A /* Pods-TwitterTests.release.xcconfig */,
			);
			name = "Pods-TwitterTests";
			path = "Target Support Files/Pods-TwitterTests";
			sourceTree = "<group>";
		};
		4AC191B463C23BF7FD528C81A0046275 /* Products */ = {
			isa = PBXGroup;
			children = (
				A4FA15D44DF6BAC7550EDEED10862AA3 /* AFNetworking */,
				2D409645D088AB9189F3E7CD44A1CCFA /* BDBOAuth1Manager */,
				28047BAA51B0A96B3E3002848D52293B /* Pods-Twitter */,
				4923261E411D86526CE2010D57655800 /* Pods-Twitter-TwitterUITests */,
				29CDB841BF7F5DE2DA4BB4BF61D2E5E1 /* Pods-TwitterTests */,
			);
			name = Products;
			sourceTree = "<group>";
		};
		5384D0D6BB0B807DFBC59FF4056413E8 /* BDBOAuth1Manager */ = {
			isa = PBXGroup;
			children = (
				50E9DA38AA2565372A5C5DEE68239B40 /* BDBOAuth1RequestSerializer.h */,
				81C582146110CBACF329E3AF5E3541D2 /* BDBOAuth1RequestSerializer.m */,
				32B80C76A5E052A88D325D41A00B8DDA /* BDBOAuth1SessionManager.h */,
				32DD4D83B5EC16AAC8B461274BECDC4D /* BDBOAuth1SessionManager.m */,
				8D11162C98BE35D027B4C8FD3692B027 /* NSDictionary+BDBOAuth1Manager.h */,
				16EE14084F86CF2FB66E291A28E5D728 /* NSDictionary+BDBOAuth1Manager.m */,
				8E967AEBE7ECB37E177E28FB6FAD7509 /* NSString+BDBOAuth1Manager.h */,
				2F76EEAA7A37D4C735650F87D50DF72D /* NSString+BDBOAuth1Manager.m */,
				FB54ED192852C06D54A4FCCACC2B1B9B /* Support Files */,
			);
			name = BDBOAuth1Manager;
			path = BDBOAuth1Manager;
			sourceTree = "<group>";
		};
		554A93C86472B6B608676F905020838A /* Reachability */ = {
			isa = PBXGroup;
			children = (
				673BE62DCE9A70020BE391EA2F863003 /* AFNetworkReachabilityManager.h */,
				246C8ED92D9B3AB016DE941336EC9C06 /* AFNetworkReachabilityManager.m */,
			);
			name = Reachability;
			sourceTree = "<group>";
		};
		619EA927209B8BE542663BF632F60476 /* Pods */ = {
			isa = PBXGroup;
			children = (
				AC9637ED9F92034EEB97927AA3E980C8 /* AFNetworking */,
				5384D0D6BB0B807DFBC59FF4056413E8 /* BDBOAuth1Manager */,
			);
			name = Pods;
			sourceTree = "<group>";
		};
		7E1AB72BB3FCC3E5A0889660D9729300 /* Pods-Twitter */ = {
			isa = PBXGroup;
			children = (
				3F02CBE3F5819E95F88E27077F0CDA35 /* Pods-Twitter.modulemap */,
				96828BA3523365DA9D13CABBD379E857 /* Pods-Twitter-acknowledgements.markdown */,
				4DD9B0C343531B6E0DF24CBF2AEB51CE /* Pods-Twitter-acknowledgements.plist */,
				9A1BD01CAB999195B0E6B181E878ADFE /* Pods-Twitter-dummy.m */,
				8C44A21F7B6BB56302B56D522EF82612 /* Pods-Twitter-frameworks.sh */,
				7BB13678AEDEC815B6541EA9A20E4221 /* Pods-Twitter-Info.plist */,
				F60E37D5D4C16995F4F7CA3304A27614 /* Pods-Twitter-umbrella.h */,
				A91200CD7FFBD912CD1E91E3D3424253 /* Pods-Twitter.debug.xcconfig */,
				AC91DC0D44AE805C9F0BF2F46A7433B1 /* Pods-Twitter.release.xcconfig */,
			);
			name = "Pods-Twitter";
			path = "Target Support Files/Pods-Twitter";
			sourceTree = "<group>";
		};
		9161E7B8ECBAEBF24D5B9F09B27E4EEC /* Targets Support Files */ = {
			isa = PBXGroup;
			children = (
				7E1AB72BB3FCC3E5A0889660D9729300 /* Pods-Twitter */,
				3D630F5A9A25E6FF41D1321274DB2C65 /* Pods-Twitter-TwitterUITests */,
				43585767661FE0217A80F2C3B9398925 /* Pods-TwitterTests */,
			);
			name = "Targets Support Files";
			sourceTree = "<group>";
		};
		AC9637ED9F92034EEB97927AA3E980C8 /* AFNetworking */ = {
			isa = PBXGroup;
			children = (
				F05FB63E4F04ED891070E9043C947AFB /* NSURLSession */,
				554A93C86472B6B608676F905020838A /* Reachability */,
				E0204617E4D6684F1098891D0EDFFAC6 /* Security */,
				EC49AA3DE8435D42A57E9D3154D1EF7B /* Serialization */,
				C34CA2CFC901233C764461AE0F93CE63 /* Support Files */,
			);
			name = AFNetworking;
			path = AFNetworking;
			sourceTree = "<group>";
		};
		B94D7768568A9992200DB461E8CF687F /* Frameworks */ = {
			isa = PBXGroup;
			children = (
				235F041C34907BACD96254FC56EAB1D0 /* iOS */,
			);
			name = Frameworks;
			sourceTree = "<group>";
		};
		C34CA2CFC901233C764461AE0F93CE63 /* Support Files */ = {
			isa = PBXGroup;
			children = (
				89A1B717037EB140EFD5A4E71F661799 /* AFNetworking.modulemap */,
				FD0CEF26584634F85A0AC9ABCE47BB8B /* AFNetworking-dummy.m */,
				201B0526549FB5C6DDB6147F395CB89D /* AFNetworking-Info.plist */,
				3C5D1A16EFB9C6323E3DF8537110709F /* AFNetworking-prefix.pch */,
				271DF4BC34EC44DBD711E6E846605578 /* AFNetworking-umbrella.h */,
				59CE182290DD45C01CAA82858909E27C /* AFNetworking.debug.xcconfig */,
				61F7BA52D0DAD0DE6D6938B1CBF80D47 /* AFNetworking.release.xcconfig */,
			);
			name = "Support Files";
			path = "../Target Support Files/AFNetworking";
			sourceTree = "<group>";
		};
		CF1408CF629C7361332E53B88F7BD30C = {
			isa = PBXGroup;
			children = (
				9D940727FF8FB9C785EB98E56350EF41 /* Podfile */,
				B94D7768568A9992200DB461E8CF687F /* Frameworks */,
				619EA927209B8BE542663BF632F60476 /* Pods */,
				4AC191B463C23BF7FD528C81A0046275 /* Products */,
				9161E7B8ECBAEBF24D5B9F09B27E4EEC /* Targets Support Files */,
			);
			sourceTree = "<group>";
		};
		E0204617E4D6684F1098891D0EDFFAC6 /* Security */ = {
			isa = PBXGroup;
			children = (
				207A32F71153D0F9168502DDEC63905E /* AFSecurityPolicy.h */,
				7D39719745A28450AE90B37EF962E7C3 /* AFSecurityPolicy.m */,
			);
			name = Security;
			sourceTree = "<group>";
		};
		EC49AA3DE8435D42A57E9D3154D1EF7B /* Serialization */ = {
			isa = PBXGroup;
			children = (
				C84356B67A97182915646C9708A7F6AE /* AFURLRequestSerialization.h */,
				AD5FA02C3DD189A826DFDB62A69B2A2B /* AFURLRequestSerialization.m */,
				63122780D89C6687BB7D39F94DB449E7 /* AFURLResponseSerialization.h */,
				DF032CBA6703F10AA4B2292B37246C03 /* AFURLResponseSerialization.m */,
			);
			name = Serialization;
			sourceTree = "<group>";
		};
		F05FB63E4F04ED891070E9043C947AFB /* NSURLSession */ = {
			isa = PBXGroup;
			children = (
				54979FE99886E2261D1245A5DCF2CA75 /* AFHTTPSessionManager.h */,
				064DA36DB23719011321F70F81288DCA /* AFHTTPSessionManager.m */,
				FD260B631C8D511DD945E1DE2063FACD /* AFURLSessionManager.h */,
				3822DDFCDB3EFB66E8B2CD01ADFB8545 /* AFURLSessionManager.m */,
			);
			name = NSURLSession;
			sourceTree = "<group>";
		};
		FB54ED192852C06D54A4FCCACC2B1B9B /* Support Files */ = {
			isa = PBXGroup;
			children = (
				7D57E6BB4E5639B8A09887A2A644A9EA /* BDBOAuth1Manager.modulemap */,
				9F5BC6BDE5990EDE172879F5E320D73C /* BDBOAuth1Manager-dummy.m */,
				3925351BB403F49146F5FAC868BB3D5B /* BDBOAuth1Manager-Info.plist */,
				264A244C48CC583D2F77792B5DF5467F /* BDBOAuth1Manager-prefix.pch */,
				CEC35F695352625EA3A8177A76F3FAEE /* BDBOAuth1Manager-umbrella.h */,
				D6FE67531F0269BC5B367F891C4EA34E /* BDBOAuth1Manager.debug.xcconfig */,
				01A882C911E9480A50D375F55105B94E /* BDBOAuth1Manager.release.xcconfig */,
			);
			name = "Support Files";
			path = "../Target Support Files/BDBOAuth1Manager";
			sourceTree = "<group>";
		};
/* End PBXGroup section */

/* Begin PBXHeadersBuildPhase section */
		3D774CC651B489DD665751BC5D491910 /* Headers */ = {
			isa = PBXHeadersBuildPhase;
			buildActionMask = 2147483647;
			files = (
				19D84D87B898EE184A2753F92347B9C3 /* Pods-TwitterTests-umbrella.h in Headers */,
			);
			runOnlyForDeploymentPostprocessing = 0;
		};
		4CFA4776AE6D2F98178B9FBAD220E5A9 /* Headers */ = {
			isa = PBXHeadersBuildPhase;
			buildActionMask = 2147483647;
			files = (
				C762C65F80FB573DC93D5BB43ECCBFD5 /* BDBOAuth1Manager-umbrella.h in Headers */,
				C58F682075299264D247E759488F6FB5 /* BDBOAuth1RequestSerializer.h in Headers */,
				040842DBECE66E60291D1F4AA544202A /* BDBOAuth1SessionManager.h in Headers */,
				D193E7520993BAFF98A439E8DF89EA59 /* NSDictionary+BDBOAuth1Manager.h in Headers */,
				CFE95272F76DF03BADA5560A915DF7CB /* NSString+BDBOAuth1Manager.h in Headers */,
			);
			runOnlyForDeploymentPostprocessing = 0;
		};
		8857B1114F7EB6B62F4A97DDC0C7331F /* Headers */ = {
			isa = PBXHeadersBuildPhase;
			buildActionMask = 2147483647;
			files = (
				E324F7C49CB21191B9C062CD94551896 /* Pods-Twitter-TwitterUITests-umbrella.h in Headers */,
			);
			runOnlyForDeploymentPostprocessing = 0;
		};
		C0B8CA28741F8DBFFD3AF9B232ACAC3E /* Headers */ = {
			isa = PBXHeadersBuildPhase;
			buildActionMask = 2147483647;
			files = (
				822D94880C994540D0DDD562F974A34B /* AFHTTPSessionManager.h in Headers */,
				1B5D786D6C4EE9CD24B83797BC667753 /* AFNetworking-umbrella.h in Headers */,
				F6218CB647DDDC6E7EB97064150F9757 /* AFNetworkReachabilityManager.h in Headers */,
				1D6914434AECC7A2A2D5AEA24464241A /* AFSecurityPolicy.h in Headers */,
				B52A260053426F6341DB6CB66AD01992 /* AFURLRequestSerialization.h in Headers */,
				2F9D343FB9FC774014144AF2E8717BA2 /* AFURLResponseSerialization.h in Headers */,
				DAB425139E181BE6DD4797ABDCAC08D1 /* AFURLSessionManager.h in Headers */,
			);
			runOnlyForDeploymentPostprocessing = 0;
		};
		E768D085FBCD133BC46B5DB26BCAD145 /* Headers */ = {
			isa = PBXHeadersBuildPhase;
			buildActionMask = 2147483647;
			files = (
				F1C45898E7486135A72E8D1758F408CC /* Pods-Twitter-umbrella.h in Headers */,
			);
			runOnlyForDeploymentPostprocessing = 0;
		};
/* End PBXHeadersBuildPhase section */

/* Begin PBXNativeTarget section */
		0130B3724283586C0E9D2A112D4F2AA1 /* AFNetworking */ = {
			isa = PBXNativeTarget;
			buildConfigurationList = E881AF7983B56DD77BAB1A499222A105 /* Build configuration list for PBXNativeTarget "AFNetworking" */;
			buildPhases = (
				C0B8CA28741F8DBFFD3AF9B232ACAC3E /* Headers */,
				C7CAC038A9D32EE3CC0EBCB74EA8A8F9 /* Sources */,
				D8D6F4CC5745EABBFA597DEFE9806C48 /* Frameworks */,
				FCB07F09B09EBB100B1878F5292ACCC9 /* Resources */,
			);
			buildRules = (
			);
			dependencies = (
			);
			name = AFNetworking;
			productName = AFNetworking;
			productReference = A4FA15D44DF6BAC7550EDEED10862AA3 /* AFNetworking */;
			productType = "com.apple.product-type.framework";
		};
		073980BAD136EF68A79753E38B945EFC /* BDBOAuth1Manager */ = {
			isa = PBXNativeTarget;
			buildConfigurationList = 647E6209C2E38411864057C0B32D78F6 /* Build configuration list for PBXNativeTarget "BDBOAuth1Manager" */;
			buildPhases = (
				4CFA4776AE6D2F98178B9FBAD220E5A9 /* Headers */,
				1251F1CB121C79145363305975CA93AB /* Sources */,
				55C4424D9E7DC79CF5C0CC3C9E9F3D13 /* Frameworks */,
				CE27C064C77480177ED2343D5A363E31 /* Resources */,
			);
			buildRules = (
			);
			dependencies = (
				BC5B224127386818BEC3C4DAD7858C0A /* PBXTargetDependency */,
			);
			name = BDBOAuth1Manager;
			productName = BDBOAuth1Manager;
			productReference = 2D409645D088AB9189F3E7CD44A1CCFA /* BDBOAuth1Manager */;
			productType = "com.apple.product-type.framework";
		};
		639C9DF87EBFF1779369E46E42A1E5F4 /* Pods-TwitterTests */ = {
			isa = PBXNativeTarget;
			buildConfigurationList = BA55187DB17DDA7E4696356D7E07E875 /* Build configuration list for PBXNativeTarget "Pods-TwitterTests" */;
			buildPhases = (
				3D774CC651B489DD665751BC5D491910 /* Headers */,
				00E8CAE33B0E34635FBC35A577E830A7 /* Sources */,
				CA9EAE995E511044A903321059171AED /* Frameworks */,
				F8A1C46A12E5F400C94C5A14169A88C1 /* Resources */,
			);
			buildRules = (
			);
			dependencies = (
				B660FB61846C92166620A5C53239674D /* PBXTargetDependency */,
			);
			name = "Pods-TwitterTests";
			productName = Pods_TwitterTests;
			productReference = 29CDB841BF7F5DE2DA4BB4BF61D2E5E1 /* Pods-TwitterTests */;
			productType = "com.apple.product-type.framework";
		};
		C5DCEE41F4FD2229479AD2EE4A9E1EE6 /* Pods-Twitter-TwitterUITests */ = {
			isa = PBXNativeTarget;
			buildConfigurationList = 82F9F6FFB4D0E44E742C213199C264EA /* Build configuration list for PBXNativeTarget "Pods-Twitter-TwitterUITests" */;
			buildPhases = (
				8857B1114F7EB6B62F4A97DDC0C7331F /* Headers */,
				1A819FDA4989D95CB844AB3CEABFF638 /* Sources */,
				7421DAA2336FC29B08D7DFD2FFAF0899 /* Frameworks */,
				A15AEBB018DD6E19B97316952AA5415B /* Resources */,
			);
			buildRules = (
			);
			dependencies = (
				752706FE82E16AE9D8DDA50A658582D9 /* PBXTargetDependency */,
				DA97ABA5C733DAD0CA45ED8A81287EC4 /* PBXTargetDependency */,
			);
			name = "Pods-Twitter-TwitterUITests";
			productName = Pods_Twitter_TwitterUITests;
			productReference = 4923261E411D86526CE2010D57655800 /* Pods-Twitter-TwitterUITests */;
			productType = "com.apple.product-type.framework";
		};
		D6F025C9E46988818AB45506C8CB4F73 /* Pods-Twitter */ = {
			isa = PBXNativeTarget;
			buildConfigurationList = 8A8151581B3E09CE481E907D17ECC527 /* Build configuration list for PBXNativeTarget "Pods-Twitter" */;
			buildPhases = (
				E768D085FBCD133BC46B5DB26BCAD145 /* Headers */,
				F5E4C192C48B60676A29E8E8B7A0EB06 /* Sources */,
				8093F37A5E8BD6EF52E5CDEE958FC346 /* Frameworks */,
				0505967FF0E7E8EBD925233AA0025476 /* Resources */,
			);
			buildRules = (
			);
			dependencies = (
				525F3F39902B10E769E7E273D5C53826 /* PBXTargetDependency */,
				0E5480EB9FEA31AC98FF3393F4CF5A04 /* PBXTargetDependency */,
			);
			name = "Pods-Twitter";
			productName = Pods_Twitter;
			productReference = 28047BAA51B0A96B3E3002848D52293B /* Pods-Twitter */;
			productType = "com.apple.product-type.framework";
		};
/* End PBXNativeTarget section */

/* Begin PBXProject section */
		BFDFE7DC352907FC980B868725387E98 /* Project object */ = {
			isa = PBXProject;
			attributes = {
				LastSwiftUpdateCheck = 1240;
				LastUpgradeCheck = 1240;
			};
			buildConfigurationList = 4821239608C13582E20E6DA73FD5F1F9 /* Build configuration list for PBXProject "Pods" */;
			compatibilityVersion = "Xcode 13.0";
			developmentRegion = en;
			hasScannedForEncodings = 0;
			knownRegions = (
				Base,
				en,
			);
			mainGroup = CF1408CF629C7361332E53B88F7BD30C;
			productRefGroup = 4AC191B463C23BF7FD528C81A0046275 /* Products */;
			projectDirPath = "";
			projectRoot = "";
			targets = (
				0130B3724283586C0E9D2A112D4F2AA1 /* AFNetworking */,
				073980BAD136EF68A79753E38B945EFC /* BDBOAuth1Manager */,
				D6F025C9E46988818AB45506C8CB4F73 /* Pods-Twitter */,
				C5DCEE41F4FD2229479AD2EE4A9E1EE6 /* Pods-Twitter-TwitterUITests */,
				639C9DF87EBFF1779369E46E42A1E5F4 /* Pods-TwitterTests */,
			);
		};
/* End PBXProject section */

/* Begin PBXResourcesBuildPhase section */
		0505967FF0E7E8EBD925233AA0025476 /* Resources */ = {
			isa = PBXResourcesBuildPhase;
			buildActionMask = 2147483647;
			files = (
			);
			runOnlyForDeploymentPostprocessing = 0;
		};
		A15AEBB018DD6E19B97316952AA5415B /* Resources */ = {
			isa = PBXResourcesBuildPhase;
			buildActionMask = 2147483647;
			files = (
			);
			runOnlyForDeploymentPostprocessing = 0;
		};
		CE27C064C77480177ED2343D5A363E31 /* Resources */ = {
			isa = PBXResourcesBuildPhase;
			buildActionMask = 2147483647;
			files = (
			);
			runOnlyForDeploymentPostprocessing = 0;
		};
		F8A1C46A12E5F400C94C5A14169A88C1 /* Resources */ = {
			isa = PBXResourcesBuildPhase;
			buildActionMask = 2147483647;
			files = (
			);
			runOnlyForDeploymentPostprocessing = 0;
		};
		FCB07F09B09EBB100B1878F5292ACCC9 /* Resources */ = {
			isa = PBXResourcesBuildPhase;
			buildActionMask = 2147483647;
			files = (
			);
			runOnlyForDeploymentPostprocessing = 0;
		};
/* End PBXResourcesBuildPhase section */

/* Begin PBXSourcesBuildPhase section */
		00E8CAE33B0E34635FBC35A577E830A7 /* Sources */ = {
			isa = PBXSourcesBuildPhase;
			buildActionMask = 2147483647;
			files = (
				E4F0A9CEBB5659EC83E9F080EAD8F52A /* Pods-TwitterTests-dummy.m in Sources */,
			);
			runOnlyForDeploymentPostprocessing = 0;
		};
		1251F1CB121C79145363305975CA93AB /* Sources */ = {
			isa = PBXSourcesBuildPhase;
			buildActionMask = 2147483647;
			files = (
				9F3E658BB146B3E15223C67B365B7700 /* BDBOAuth1Manager-dummy.m in Sources */,
				206B07C611B8171962E2909C757FF5A7 /* BDBOAuth1RequestSerializer.m in Sources */,
				0E75E370B23394B2A4ECC79AD1DDC4E7 /* BDBOAuth1SessionManager.m in Sources */,
				13ED1E63A2C152A2D76C32EAF9BD338E /* NSDictionary+BDBOAuth1Manager.m in Sources */,
				F258E66AB357C766A9DB015CD298E52C /* NSString+BDBOAuth1Manager.m in Sources */,
			);
			runOnlyForDeploymentPostprocessing = 0;
		};
		1A819FDA4989D95CB844AB3CEABFF638 /* Sources */ = {
			isa = PBXSourcesBuildPhase;
			buildActionMask = 2147483647;
			files = (
				549B87FC63968DEF019D0B12636CC0BC /* Pods-Twitter-TwitterUITests-dummy.m in Sources */,
			);
			runOnlyForDeploymentPostprocessing = 0;
		};
		C7CAC038A9D32EE3CC0EBCB74EA8A8F9 /* Sources */ = {
			isa = PBXSourcesBuildPhase;
			buildActionMask = 2147483647;
			files = (
				E882BD9E55DF1FBCE74BBEA5DFCC6A8D /* AFHTTPSessionManager.m in Sources */,
				F4DB4A1211EE88900A8419AFB665CEBD /* AFNetworking-dummy.m in Sources */,
				FE9E8A0DBEE3A396F42322046431EBEB /* AFNetworkReachabilityManager.m in Sources */,
				159220507D69C101DF726D6F079E972F /* AFSecurityPolicy.m in Sources */,
				89488A8524FF89D5EEAF6BE31C8B1E8A /* AFURLRequestSerialization.m in Sources */,
				D8E08496D6E358C574382D3EDA5545C8 /* AFURLResponseSerialization.m in Sources */,
				89E109ACF923E14103812A85F054F32C /* AFURLSessionManager.m in Sources */,
			);
			runOnlyForDeploymentPostprocessing = 0;
		};
		F5E4C192C48B60676A29E8E8B7A0EB06 /* Sources */ = {
			isa = PBXSourcesBuildPhase;
			buildActionMask = 2147483647;
			files = (
				DF84A2E29FA47BDE6AFADA50D5914112 /* Pods-Twitter-dummy.m in Sources */,
			);
			runOnlyForDeploymentPostprocessing = 0;
		};
/* End PBXSourcesBuildPhase section */

/* Begin PBXTargetDependency section */
		0E5480EB9FEA31AC98FF3393F4CF5A04 /* PBXTargetDependency */ = {
			isa = PBXTargetDependency;
			name = BDBOAuth1Manager;
			target = 073980BAD136EF68A79753E38B945EFC /* BDBOAuth1Manager */;
			targetProxy = EAADA375C71224B8141B5FE8F88BF457 /* PBXContainerItemProxy */;
		};
		525F3F39902B10E769E7E273D5C53826 /* PBXTargetDependency */ = {
			isa = PBXTargetDependency;
			name = AFNetworking;
			target = 0130B3724283586C0E9D2A112D4F2AA1 /* AFNetworking */;
			targetProxy = E464A31CE61B4FCF4D1E00E7BFDC558A /* PBXContainerItemProxy */;
		};
		752706FE82E16AE9D8DDA50A658582D9 /* PBXTargetDependency */ = {
			isa = PBXTargetDependency;
			name = AFNetworking;
			target = 0130B3724283586C0E9D2A112D4F2AA1 /* AFNetworking */;
			targetProxy = 48874A816200F55A6E24114D19758092 /* PBXContainerItemProxy */;
		};
		B660FB61846C92166620A5C53239674D /* PBXTargetDependency */ = {
			isa = PBXTargetDependency;
			name = "Pods-Twitter";
			target = D6F025C9E46988818AB45506C8CB4F73 /* Pods-Twitter */;
			targetProxy = 30755F5ADC16FDD67844FCD757FE89F9 /* PBXContainerItemProxy */;
		};
		BC5B224127386818BEC3C4DAD7858C0A /* PBXTargetDependency */ = {
			isa = PBXTargetDependency;
			name = AFNetworking;
			target = 0130B3724283586C0E9D2A112D4F2AA1 /* AFNetworking */;
			targetProxy = D64B4FC35EE74B19BEA62ACB28766542 /* PBXContainerItemProxy */;
		};
		DA97ABA5C733DAD0CA45ED8A81287EC4 /* PBXTargetDependency */ = {
			isa = PBXTargetDependency;
			name = BDBOAuth1Manager;
			target = 073980BAD136EF68A79753E38B945EFC /* BDBOAuth1Manager */;
			targetProxy = 7C023F809D3112EF4F8E687FA90A6688 /* PBXContainerItemProxy */;
		};
/* End PBXTargetDependency section */

/* Begin XCBuildConfiguration section */
		07FBA98F8A8987397BA8A0518B859112 /* Release */ = {
			isa = XCBuildConfiguration;
			baseConfigurationReference = 01A882C911E9480A50D375F55105B94E /* BDBOAuth1Manager.release.xcconfig */;
			buildSettings = {
				"CODE_SIGN_IDENTITY[sdk=appletvos*]" = "";
				"CODE_SIGN_IDENTITY[sdk=iphoneos*]" = "";
				"CODE_SIGN_IDENTITY[sdk=watchos*]" = "";
				CURRENT_PROJECT_VERSION = 1;
				DEFINES_MODULE = YES;
				DYLIB_COMPATIBILITY_VERSION = 1;
				DYLIB_CURRENT_VERSION = 1;
				DYLIB_INSTALL_NAME_BASE = "@rpath";
				GCC_PREFIX_HEADER = "Target Support Files/BDBOAuth1Manager/BDBOAuth1Manager-prefix.pch";
				INFOPLIST_FILE = "Target Support Files/BDBOAuth1Manager/BDBOAuth1Manager-Info.plist";
				INSTALL_PATH = "$(LOCAL_LIBRARY_DIR)/Frameworks";
				IPHONEOS_DEPLOYMENT_TARGET = 8.0;
				LD_RUNPATH_SEARCH_PATHS = (
					"$(inherited)",
					"@executable_path/Frameworks",
					"@loader_path/Frameworks",
				);
				MODULEMAP_FILE = "Target Support Files/BDBOAuth1Manager/BDBOAuth1Manager.modulemap";
				PRODUCT_MODULE_NAME = BDBOAuth1Manager;
				PRODUCT_NAME = BDBOAuth1Manager;
				SDKROOT = iphoneos;
				SKIP_INSTALL = YES;
				SWIFT_ACTIVE_COMPILATION_CONDITIONS = "$(inherited) ";
				SWIFT_VERSION = 5.0;
				TARGETED_DEVICE_FAMILY = "1,2";
				VALIDATE_PRODUCT = YES;
				VERSIONING_SYSTEM = "apple-generic";
				VERSION_INFO_PREFIX = "";
			};
			name = Release;
		};
		103296120F18CFAD21E02216627C3837 /* Release */ = {
			isa = XCBuildConfiguration;
			baseConfigurationReference = 61F7BA52D0DAD0DE6D6938B1CBF80D47 /* AFNetworking.release.xcconfig */;
			buildSettings = {
				"CODE_SIGN_IDENTITY[sdk=appletvos*]" = "";
				"CODE_SIGN_IDENTITY[sdk=iphoneos*]" = "";
				"CODE_SIGN_IDENTITY[sdk=watchos*]" = "";
				CURRENT_PROJECT_VERSION = 1;
				DEFINES_MODULE = YES;
				DYLIB_COMPATIBILITY_VERSION = 1;
				DYLIB_CURRENT_VERSION = 1;
				DYLIB_INSTALL_NAME_BASE = "@rpath";
				GCC_PREFIX_HEADER = "Target Support Files/AFNetworking/AFNetworking-prefix.pch";
				INFOPLIST_FILE = "Target Support Files/AFNetworking/AFNetworking-Info.plist";
				INSTALL_PATH = "$(LOCAL_LIBRARY_DIR)/Frameworks";
				IPHONEOS_DEPLOYMENT_TARGET = 8.0;
				LD_RUNPATH_SEARCH_PATHS = (
					"$(inherited)",
					"@executable_path/Frameworks",
					"@loader_path/Frameworks",
				);
				MODULEMAP_FILE = "Target Support Files/AFNetworking/AFNetworking.modulemap";
				PRODUCT_MODULE_NAME = AFNetworking;
				PRODUCT_NAME = AFNetworking;
				SDKROOT = iphoneos;
				SKIP_INSTALL = YES;
				SWIFT_ACTIVE_COMPILATION_CONDITIONS = "$(inherited) ";
				SWIFT_VERSION = 5.0;
				TARGETED_DEVICE_FAMILY = "1,2";
				VALIDATE_PRODUCT = YES;
				VERSIONING_SYSTEM = "apple-generic";
				VERSION_INFO_PREFIX = "";
			};
			name = Release;
		};
		1CC17CEA85A468BA2CB84292E112FB55 /* Release */ = {
			isa = XCBuildConfiguration;
			baseConfigurationReference = 32CC6F2BF7D17BD18E4B1720629C011A /* Pods-TwitterTests.release.xcconfig */;
			buildSettings = {
				ALWAYS_EMBED_SWIFT_STANDARD_LIBRARIES = NO;
				CLANG_ENABLE_OBJC_WEAK = NO;
				"CODE_SIGN_IDENTITY[sdk=appletvos*]" = "";
				"CODE_SIGN_IDENTITY[sdk=iphoneos*]" = "";
				"CODE_SIGN_IDENTITY[sdk=watchos*]" = "";
				CURRENT_PROJECT_VERSION = 1;
				DEFINES_MODULE = YES;
				DYLIB_COMPATIBILITY_VERSION = 1;
				DYLIB_CURRENT_VERSION = 1;
				DYLIB_INSTALL_NAME_BASE = "@rpath";
				INFOPLIST_FILE = "Target Support Files/Pods-TwitterTests/Pods-TwitterTests-Info.plist";
				INSTALL_PATH = "$(LOCAL_LIBRARY_DIR)/Frameworks";
				IPHONEOS_DEPLOYMENT_TARGET = 15.2;
				LD_RUNPATH_SEARCH_PATHS = (
					"$(inherited)",
					"@executable_path/Frameworks",
					"@loader_path/Frameworks",
				);
				MACH_O_TYPE = staticlib;
				MODULEMAP_FILE = "Target Support Files/Pods-TwitterTests/Pods-TwitterTests.modulemap";
				OTHER_LDFLAGS = "";
				OTHER_LIBTOOLFLAGS = "";
				PODS_ROOT = "$(SRCROOT)";
				PRODUCT_BUNDLE_IDENTIFIER = "org.cocoapods.${PRODUCT_NAME:rfc1034identifier}";
				PRODUCT_NAME = "$(TARGET_NAME:c99extidentifier)";
				SDKROOT = iphoneos;
				SKIP_INSTALL = YES;
				TARGETED_DEVICE_FAMILY = "1,2";
				VALIDATE_PRODUCT = YES;
				VERSIONING_SYSTEM = "apple-generic";
				VERSION_INFO_PREFIX = "";
			};
			name = Release;
		};
		33300FC9A763521E46CB1E1C1542487B /* Release */ = {
			isa = XCBuildConfiguration;
			baseConfigurationReference = 15362549627DA6AFE3FB9814F3FD294A /* Pods-Twitter-TwitterUITests.release.xcconfig */;
			buildSettings = {
				ALWAYS_EMBED_SWIFT_STANDARD_LIBRARIES = NO;
				CLANG_ENABLE_OBJC_WEAK = NO;
				"CODE_SIGN_IDENTITY[sdk=appletvos*]" = "";
				"CODE_SIGN_IDENTITY[sdk=iphoneos*]" = "";
				"CODE_SIGN_IDENTITY[sdk=watchos*]" = "";
				CURRENT_PROJECT_VERSION = 1;
				DEFINES_MODULE = YES;
				DYLIB_COMPATIBILITY_VERSION = 1;
				DYLIB_CURRENT_VERSION = 1;
				DYLIB_INSTALL_NAME_BASE = "@rpath";
				INFOPLIST_FILE = "Target Support Files/Pods-Twitter-TwitterUITests/Pods-Twitter-TwitterUITests-Info.plist";
				INSTALL_PATH = "$(LOCAL_LIBRARY_DIR)/Frameworks";
				IPHONEOS_DEPLOYMENT_TARGET = 15.2;
				LD_RUNPATH_SEARCH_PATHS = (
					"$(inherited)",
					"@executable_path/Frameworks",
					"@loader_path/Frameworks",
				);
				MACH_O_TYPE = staticlib;
				MODULEMAP_FILE = "Target Support Files/Pods-Twitter-TwitterUITests/Pods-Twitter-TwitterUITests.modulemap";
				OTHER_LDFLAGS = "";
				OTHER_LIBTOOLFLAGS = "";
				PODS_ROOT = "$(SRCROOT)";
				PRODUCT_BUNDLE_IDENTIFIER = "org.cocoapods.${PRODUCT_NAME:rfc1034identifier}";
				PRODUCT_NAME = "$(TARGET_NAME:c99extidentifier)";
				SDKROOT = iphoneos;
				SKIP_INSTALL = YES;
				TARGETED_DEVICE_FAMILY = "1,2";
				VALIDATE_PRODUCT = YES;
				VERSIONING_SYSTEM = "apple-generic";
				VERSION_INFO_PREFIX = "";
			};
			name = Release;
		};
		4214E6946993DF02ED98D89047C64016 /* Debug */ = {
			isa = XCBuildConfiguration;
			buildSettings = {
				ALWAYS_SEARCH_USER_PATHS = NO;
				CLANG_ANALYZER_LOCALIZABILITY_NONLOCALIZED = YES;
				CLANG_ANALYZER_NONNULL = YES;
				CLANG_ANALYZER_NUMBER_OBJECT_CONVERSION = YES_AGGRESSIVE;
				CLANG_CXX_LANGUAGE_STANDARD = "gnu++14";
				CLANG_CXX_LIBRARY = "libc++";
				CLANG_ENABLE_MODULES = YES;
				CLANG_ENABLE_OBJC_ARC = YES;
				CLANG_ENABLE_OBJC_WEAK = YES;
				CLANG_WARN_BLOCK_CAPTURE_AUTORELEASING = YES;
				CLANG_WARN_BOOL_CONVERSION = YES;
				CLANG_WARN_COMMA = YES;
				CLANG_WARN_CONSTANT_CONVERSION = YES;
				CLANG_WARN_DEPRECATED_OBJC_IMPLEMENTATIONS = YES;
				CLANG_WARN_DIRECT_OBJC_ISA_USAGE = YES_ERROR;
				CLANG_WARN_DOCUMENTATION_COMMENTS = YES;
				CLANG_WARN_EMPTY_BODY = YES;
				CLANG_WARN_ENUM_CONVERSION = YES;
				CLANG_WARN_INFINITE_RECURSION = YES;
				CLANG_WARN_INT_CONVERSION = YES;
				CLANG_WARN_NON_LITERAL_NULL_CONVERSION = YES;
				CLANG_WARN_OBJC_IMPLICIT_RETAIN_SELF = YES;
				CLANG_WARN_OBJC_LITERAL_CONVERSION = YES;
				CLANG_WARN_OBJC_ROOT_CLASS = YES_ERROR;
				CLANG_WARN_QUOTED_INCLUDE_IN_FRAMEWORK_HEADER = YES;
				CLANG_WARN_RANGE_LOOP_ANALYSIS = YES;
				CLANG_WARN_STRICT_PROTOTYPES = YES;
				CLANG_WARN_SUSPICIOUS_MOVE = YES;
				CLANG_WARN_UNGUARDED_AVAILABILITY = YES_AGGRESSIVE;
				CLANG_WARN_UNREACHABLE_CODE = YES;
				CLANG_WARN__DUPLICATE_METHOD_MATCH = YES;
				COPY_PHASE_STRIP = NO;
				DEBUG_INFORMATION_FORMAT = dwarf;
				ENABLE_STRICT_OBJC_MSGSEND = YES;
				ENABLE_TESTABILITY = YES;
				GCC_C_LANGUAGE_STANDARD = gnu11;
				GCC_DYNAMIC_NO_PIC = NO;
				GCC_NO_COMMON_BLOCKS = YES;
				GCC_OPTIMIZATION_LEVEL = 0;
				GCC_PREPROCESSOR_DEFINITIONS = (
					"POD_CONFIGURATION_DEBUG=1",
					"DEBUG=1",
					"$(inherited)",
				);
				GCC_WARN_64_TO_32_BIT_CONVERSION = YES;
				GCC_WARN_ABOUT_RETURN_TYPE = YES_ERROR;
				GCC_WARN_UNDECLARED_SELECTOR = YES;
				GCC_WARN_UNINITIALIZED_AUTOS = YES_AGGRESSIVE;
				GCC_WARN_UNUSED_FUNCTION = YES;
				GCC_WARN_UNUSED_VARIABLE = YES;
				IPHONEOS_DEPLOYMENT_TARGET = 15.2;
				MTL_ENABLE_DEBUG_INFO = INCLUDE_SOURCE;
				MTL_FAST_MATH = YES;
				ONLY_ACTIVE_ARCH = YES;
				PRODUCT_NAME = "$(TARGET_NAME)";
				STRIP_INSTALLED_PRODUCT = NO;
				SWIFT_ACTIVE_COMPILATION_CONDITIONS = DEBUG;
				SWIFT_OPTIMIZATION_LEVEL = "-Onone";
				SWIFT_VERSION = 5.0;
				SYMROOT = "${SRCROOT}/../build";
			};
			name = Debug;
		};
		5DB6766B9630E169F4A4ED0C0F13DB56 /* Debug */ = {
			isa = XCBuildConfiguration;
			baseConfigurationReference = 9C35CA0BE8622BA682EE5B9C1CC262F8 /* Pods-TwitterTests.debug.xcconfig */;
			buildSettings = {
				ALWAYS_EMBED_SWIFT_STANDARD_LIBRARIES = NO;
				CLANG_ENABLE_OBJC_WEAK = NO;
				"CODE_SIGN_IDENTITY[sdk=appletvos*]" = "";
				"CODE_SIGN_IDENTITY[sdk=iphoneos*]" = "";
				"CODE_SIGN_IDENTITY[sdk=watchos*]" = "";
				CURRENT_PROJECT_VERSION = 1;
				DEFINES_MODULE = YES;
				DYLIB_COMPATIBILITY_VERSION = 1;
				DYLIB_CURRENT_VERSION = 1;
				DYLIB_INSTALL_NAME_BASE = "@rpath";
				INFOPLIST_FILE = "Target Support Files/Pods-TwitterTests/Pods-TwitterTests-Info.plist";
				INSTALL_PATH = "$(LOCAL_LIBRARY_DIR)/Frameworks";
				IPHONEOS_DEPLOYMENT_TARGET = 15.2;
				LD_RUNPATH_SEARCH_PATHS = (
					"$(inherited)",
					"@executable_path/Frameworks",
					"@loader_path/Frameworks",
				);
				MACH_O_TYPE = staticlib;
				MODULEMAP_FILE = "Target Support Files/Pods-TwitterTests/Pods-TwitterTests.modulemap";
				OTHER_LDFLAGS = "";
				OTHER_LIBTOOLFLAGS = "";
				PODS_ROOT = "$(SRCROOT)";
				PRODUCT_BUNDLE_IDENTIFIER = "org.cocoapods.${PRODUCT_NAME:rfc1034identifier}";
				PRODUCT_NAME = "$(TARGET_NAME:c99extidentifier)";
				SDKROOT = iphoneos;
				SKIP_INSTALL = YES;
				TARGETED_DEVICE_FAMILY = "1,2";
				VERSIONING_SYSTEM = "apple-generic";
				VERSION_INFO_PREFIX = "";
			};
			name = Debug;
		};
		669C4B161BCE376A054642FA593895C4 /* Release */ = {
			isa = XCBuildConfiguration;
			baseConfigurationReference = AC91DC0D44AE805C9F0BF2F46A7433B1 /* Pods-Twitter.release.xcconfig */;
			buildSettings = {
				ALWAYS_EMBED_SWIFT_STANDARD_LIBRARIES = NO;
				CLANG_ENABLE_OBJC_WEAK = NO;
				"CODE_SIGN_IDENTITY[sdk=appletvos*]" = "";
				"CODE_SIGN_IDENTITY[sdk=iphoneos*]" = "";
				"CODE_SIGN_IDENTITY[sdk=watchos*]" = "";
				CURRENT_PROJECT_VERSION = 1;
				DEFINES_MODULE = YES;
				DYLIB_COMPATIBILITY_VERSION = 1;
				DYLIB_CURRENT_VERSION = 1;
				DYLIB_INSTALL_NAME_BASE = "@rpath";
				INFOPLIST_FILE = "Target Support Files/Pods-Twitter/Pods-Twitter-Info.plist";
				INSTALL_PATH = "$(LOCAL_LIBRARY_DIR)/Frameworks";
				IPHONEOS_DEPLOYMENT_TARGET = 15.2;
				LD_RUNPATH_SEARCH_PATHS = (
					"$(inherited)",
					"@executable_path/Frameworks",
					"@loader_path/Frameworks",
				);
				MACH_O_TYPE = staticlib;
				MODULEMAP_FILE = "Target Support Files/Pods-Twitter/Pods-Twitter.modulemap";
				OTHER_LDFLAGS = "";
				OTHER_LIBTOOLFLAGS = "";
				PODS_ROOT = "$(SRCROOT)";
				PRODUCT_BUNDLE_IDENTIFIER = "org.cocoapods.${PRODUCT_NAME:rfc1034identifier}";
				PRODUCT_NAME = "$(TARGET_NAME:c99extidentifier)";
				SDKROOT = iphoneos;
				SKIP_INSTALL = YES;
				TARGETED_DEVICE_FAMILY = "1,2";
				VALIDATE_PRODUCT = YES;
				VERSIONING_SYSTEM = "apple-generic";
				VERSION_INFO_PREFIX = "";
			};
			name = Release;
		};
		839613CE79A44505052E5C92D5369C3B /* Debug */ = {
			isa = XCBuildConfiguration;
			baseConfigurationReference = D6FE67531F0269BC5B367F891C4EA34E /* BDBOAuth1Manager.debug.xcconfig */;
			buildSettings = {
				"CODE_SIGN_IDENTITY[sdk=appletvos*]" = "";
				"CODE_SIGN_IDENTITY[sdk=iphoneos*]" = "";
				"CODE_SIGN_IDENTITY[sdk=watchos*]" = "";
				CURRENT_PROJECT_VERSION = 1;
				DEFINES_MODULE = YES;
				DYLIB_COMPATIBILITY_VERSION = 1;
				DYLIB_CURRENT_VERSION = 1;
				DYLIB_INSTALL_NAME_BASE = "@rpath";
				GCC_PREFIX_HEADER = "Target Support Files/BDBOAuth1Manager/BDBOAuth1Manager-prefix.pch";
				INFOPLIST_FILE = "Target Support Files/BDBOAuth1Manager/BDBOAuth1Manager-Info.plist";
				INSTALL_PATH = "$(LOCAL_LIBRARY_DIR)/Frameworks";
				IPHONEOS_DEPLOYMENT_TARGET = 8.0;
				LD_RUNPATH_SEARCH_PATHS = (
					"$(inherited)",
					"@executable_path/Frameworks",
					"@loader_path/Frameworks",
				);
				MODULEMAP_FILE = "Target Support Files/BDBOAuth1Manager/BDBOAuth1Manager.modulemap";
				PRODUCT_MODULE_NAME = BDBOAuth1Manager;
				PRODUCT_NAME = BDBOAuth1Manager;
				SDKROOT = iphoneos;
				SKIP_INSTALL = YES;
				SWIFT_ACTIVE_COMPILATION_CONDITIONS = "$(inherited) ";
				SWIFT_VERSION = 5.0;
				TARGETED_DEVICE_FAMILY = "1,2";
				VERSIONING_SYSTEM = "apple-generic";
				VERSION_INFO_PREFIX = "";
			};
			name = Debug;
		};
		9EFE39067814BD845E4AE46A8D663AA9 /* Debug */ = {
			isa = XCBuildConfiguration;
			baseConfigurationReference = A91200CD7FFBD912CD1E91E3D3424253 /* Pods-Twitter.debug.xcconfig */;
			buildSettings = {
				ALWAYS_EMBED_SWIFT_STANDARD_LIBRARIES = NO;
				CLANG_ENABLE_OBJC_WEAK = NO;
				"CODE_SIGN_IDENTITY[sdk=appletvos*]" = "";
				"CODE_SIGN_IDENTITY[sdk=iphoneos*]" = "";
				"CODE_SIGN_IDENTITY[sdk=watchos*]" = "";
				CURRENT_PROJECT_VERSION = 1;
				DEFINES_MODULE = YES;
				DYLIB_COMPATIBILITY_VERSION = 1;
				DYLIB_CURRENT_VERSION = 1;
				DYLIB_INSTALL_NAME_BASE = "@rpath";
				INFOPLIST_FILE = "Target Support Files/Pods-Twitter/Pods-Twitter-Info.plist";
				INSTALL_PATH = "$(LOCAL_LIBRARY_DIR)/Frameworks";
				IPHONEOS_DEPLOYMENT_TARGET = 15.2;
				LD_RUNPATH_SEARCH_PATHS = (
					"$(inherited)",
					"@executable_path/Frameworks",
					"@loader_path/Frameworks",
				);
				MACH_O_TYPE = staticlib;
				MODULEMAP_FILE = "Target Support Files/Pods-Twitter/Pods-Twitter.modulemap";
				OTHER_LDFLAGS = "";
				OTHER_LIBTOOLFLAGS = "";
				PODS_ROOT = "$(SRCROOT)";
				PRODUCT_BUNDLE_IDENTIFIER = "org.cocoapods.${PRODUCT_NAME:rfc1034identifier}";
				PRODUCT_NAME = "$(TARGET_NAME:c99extidentifier)";
				SDKROOT = iphoneos;
				SKIP_INSTALL = YES;
				TARGETED_DEVICE_FAMILY = "1,2";
				VERSIONING_SYSTEM = "apple-generic";
				VERSION_INFO_PREFIX = "";
			};
			name = Debug;
		};
		A87146C5A93E5B46C458877114666E27 /* Debug */ = {
			isa = XCBuildConfiguration;
			baseConfigurationReference = 59CE182290DD45C01CAA82858909E27C /* AFNetworking.debug.xcconfig */;
			buildSettings = {
				"CODE_SIGN_IDENTITY[sdk=appletvos*]" = "";
				"CODE_SIGN_IDENTITY[sdk=iphoneos*]" = "";
				"CODE_SIGN_IDENTITY[sdk=watchos*]" = "";
				CURRENT_PROJECT_VERSION = 1;
				DEFINES_MODULE = YES;
				DYLIB_COMPATIBILITY_VERSION = 1;
				DYLIB_CURRENT_VERSION = 1;
				DYLIB_INSTALL_NAME_BASE = "@rpath";
				GCC_PREFIX_HEADER = "Target Support Files/AFNetworking/AFNetworking-prefix.pch";
				INFOPLIST_FILE = "Target Support Files/AFNetworking/AFNetworking-Info.plist";
				INSTALL_PATH = "$(LOCAL_LIBRARY_DIR)/Frameworks";
				IPHONEOS_DEPLOYMENT_TARGET = 8.0;
				LD_RUNPATH_SEARCH_PATHS = (
					"$(inherited)",
					"@executable_path/Frameworks",
					"@loader_path/Frameworks",
				);
				MODULEMAP_FILE = "Target Support Files/AFNetworking/AFNetworking.modulemap";
				PRODUCT_MODULE_NAME = AFNetworking;
				PRODUCT_NAME = AFNetworking;
				SDKROOT = iphoneos;
				SKIP_INSTALL = YES;
				SWIFT_ACTIVE_COMPILATION_CONDITIONS = "$(inherited) ";
				SWIFT_VERSION = 5.0;
				TARGETED_DEVICE_FAMILY = "1,2";
				VERSIONING_SYSTEM = "apple-generic";
				VERSION_INFO_PREFIX = "";
			};
			name = Debug;
		};
		B4E7D9EFB14B4C900747E25AA74C9122 /* Debug */ = {
			isa = XCBuildConfiguration;
			baseConfigurationReference = E4A00A41C3A3CACEF24DB07D94933588 /* Pods-Twitter-TwitterUITests.debug.xcconfig */;
			buildSettings = {
				ALWAYS_EMBED_SWIFT_STANDARD_LIBRARIES = NO;
				CLANG_ENABLE_OBJC_WEAK = NO;
				"CODE_SIGN_IDENTITY[sdk=appletvos*]" = "";
				"CODE_SIGN_IDENTITY[sdk=iphoneos*]" = "";
				"CODE_SIGN_IDENTITY[sdk=watchos*]" = "";
				CURRENT_PROJECT_VERSION = 1;
				DEFINES_MODULE = YES;
				DYLIB_COMPATIBILITY_VERSION = 1;
				DYLIB_CURRENT_VERSION = 1;
				DYLIB_INSTALL_NAME_BASE = "@rpath";
				INFOPLIST_FILE = "Target Support Files/Pods-Twitter-TwitterUITests/Pods-Twitter-TwitterUITests-Info.plist";
				INSTALL_PATH = "$(LOCAL_LIBRARY_DIR)/Frameworks";
				IPHONEOS_DEPLOYMENT_TARGET = 15.2;
				LD_RUNPATH_SEARCH_PATHS = (
					"$(inherited)",
					"@executable_path/Frameworks",
					"@loader_path/Frameworks",
				);
				MACH_O_TYPE = staticlib;
				MODULEMAP_FILE = "Target Support Files/Pods-Twitter-TwitterUITests/Pods-Twitter-TwitterUITests.modulemap";
				OTHER_LDFLAGS = "";
				OTHER_LIBTOOLFLAGS = "";
				PODS_ROOT = "$(SRCROOT)";
				PRODUCT_BUNDLE_IDENTIFIER = "org.cocoapods.${PRODUCT_NAME:rfc1034identifier}";
				PRODUCT_NAME = "$(TARGET_NAME:c99extidentifier)";
				SDKROOT = iphoneos;
				SKIP_INSTALL = YES;
				TARGETED_DEVICE_FAMILY = "1,2";
				VERSIONING_SYSTEM = "apple-generic";
				VERSION_INFO_PREFIX = "";
			};
			name = Debug;
		};
		CD85FD90473CFBE797E4264E7BBC70AF /* Release */ = {
			isa = XCBuildConfiguration;
			buildSettings = {
				ALWAYS_SEARCH_USER_PATHS = NO;
				CLANG_ANALYZER_LOCALIZABILITY_NONLOCALIZED = YES;
				CLANG_ANALYZER_NONNULL = YES;
				CLANG_ANALYZER_NUMBER_OBJECT_CONVERSION = YES_AGGRESSIVE;
				CLANG_CXX_LANGUAGE_STANDARD = "gnu++14";
				CLANG_CXX_LIBRARY = "libc++";
				CLANG_ENABLE_MODULES = YES;
				CLANG_ENABLE_OBJC_ARC = YES;
				CLANG_ENABLE_OBJC_WEAK = YES;
				CLANG_WARN_BLOCK_CAPTURE_AUTORELEASING = YES;
				CLANG_WARN_BOOL_CONVERSION = YES;
				CLANG_WARN_COMMA = YES;
				CLANG_WARN_CONSTANT_CONVERSION = YES;
				CLANG_WARN_DEPRECATED_OBJC_IMPLEMENTATIONS = YES;
				CLANG_WARN_DIRECT_OBJC_ISA_USAGE = YES_ERROR;
				CLANG_WARN_DOCUMENTATION_COMMENTS = YES;
				CLANG_WARN_EMPTY_BODY = YES;
				CLANG_WARN_ENUM_CONVERSION = YES;
				CLANG_WARN_INFINITE_RECURSION = YES;
				CLANG_WARN_INT_CONVERSION = YES;
				CLANG_WARN_NON_LITERAL_NULL_CONVERSION = YES;
				CLANG_WARN_OBJC_IMPLICIT_RETAIN_SELF = YES;
				CLANG_WARN_OBJC_LITERAL_CONVERSION = YES;
				CLANG_WARN_OBJC_ROOT_CLASS = YES_ERROR;
				CLANG_WARN_QUOTED_INCLUDE_IN_FRAMEWORK_HEADER = YES;
				CLANG_WARN_RANGE_LOOP_ANALYSIS = YES;
				CLANG_WARN_STRICT_PROTOTYPES = YES;
				CLANG_WARN_SUSPICIOUS_MOVE = YES;
				CLANG_WARN_UNGUARDED_AVAILABILITY = YES_AGGRESSIVE;
				CLANG_WARN_UNREACHABLE_CODE = YES;
				CLANG_WARN__DUPLICATE_METHOD_MATCH = YES;
				COPY_PHASE_STRIP = NO;
				DEBUG_INFORMATION_FORMAT = "dwarf-with-dsym";
				ENABLE_NS_ASSERTIONS = NO;
				ENABLE_STRICT_OBJC_MSGSEND = YES;
				GCC_C_LANGUAGE_STANDARD = gnu11;
				GCC_NO_COMMON_BLOCKS = YES;
				GCC_PREPROCESSOR_DEFINITIONS = (
					"POD_CONFIGURATION_RELEASE=1",
					"$(inherited)",
				);
				GCC_WARN_64_TO_32_BIT_CONVERSION = YES;
				GCC_WARN_ABOUT_RETURN_TYPE = YES_ERROR;
				GCC_WARN_UNDECLARED_SELECTOR = YES;
				GCC_WARN_UNINITIALIZED_AUTOS = YES_AGGRESSIVE;
				GCC_WARN_UNUSED_FUNCTION = YES;
				GCC_WARN_UNUSED_VARIABLE = YES;
				IPHONEOS_DEPLOYMENT_TARGET = 15.2;
				MTL_ENABLE_DEBUG_INFO = NO;
				MTL_FAST_MATH = YES;
				PRODUCT_NAME = "$(TARGET_NAME)";
				STRIP_INSTALLED_PRODUCT = NO;
				SWIFT_COMPILATION_MODE = wholemodule;
				SWIFT_OPTIMIZATION_LEVEL = "-O";
				SWIFT_VERSION = 5.0;
				SYMROOT = "${SRCROOT}/../build";
			};
			name = Release;
		};
/* End XCBuildConfiguration section */

/* Begin XCConfigurationList section */
		4821239608C13582E20E6DA73FD5F1F9 /* Build configuration list for PBXProject "Pods" */ = {
			isa = XCConfigurationList;
			buildConfigurations = (
				4214E6946993DF02ED98D89047C64016 /* Debug */,
				CD85FD90473CFBE797E4264E7BBC70AF /* Release */,
			);
			defaultConfigurationIsVisible = 0;
			defaultConfigurationName = Release;
		};
		647E6209C2E38411864057C0B32D78F6 /* Build configuration list for PBXNativeTarget "BDBOAuth1Manager" */ = {
			isa = XCConfigurationList;
			buildConfigurations = (
				839613CE79A44505052E5C92D5369C3B /* Debug */,
				07FBA98F8A8987397BA8A0518B859112 /* Release */,
			);
			defaultConfigurationIsVisible = 0;
			defaultConfigurationName = Release;
		};
		82F9F6FFB4D0E44E742C213199C264EA /* Build configuration list for PBXNativeTarget "Pods-Twitter-TwitterUITests" */ = {
			isa = XCConfigurationList;
			buildConfigurations = (
				B4E7D9EFB14B4C900747E25AA74C9122 /* Debug */,
				33300FC9A763521E46CB1E1C1542487B /* Release */,
			);
			defaultConfigurationIsVisible = 0;
			defaultConfigurationName = Release;
		};
		8A8151581B3E09CE481E907D17ECC527 /* Build configuration list for PBXNativeTarget "Pods-Twitter" */ = {
			isa = XCConfigurationList;
			buildConfigurations = (
				9EFE39067814BD845E4AE46A8D663AA9 /* Debug */,
				669C4B161BCE376A054642FA593895C4 /* Release */,
			);
			defaultConfigurationIsVisible = 0;
			defaultConfigurationName = Release;
		};
		BA55187DB17DDA7E4696356D7E07E875 /* Build configuration list for PBXNativeTarget "Pods-TwitterTests" */ = {
			isa = XCConfigurationList;
			buildConfigurations = (
				5DB6766B9630E169F4A4ED0C0F13DB56 /* Debug */,
				1CC17CEA85A468BA2CB84292E112FB55 /* Release */,
			);
			defaultConfigurationIsVisible = 0;
			defaultConfigurationName = Release;
		};
		E881AF7983B56DD77BAB1A499222A105 /* Build configuration list for PBXNativeTarget "AFNetworking" */ = {
			isa = XCConfigurationList;
			buildConfigurations = (
				A87146C5A93E5B46C458877114666E27 /* Debug */,
				103296120F18CFAD21E02216627C3837 /* Release */,
			);
			defaultConfigurationIsVisible = 0;
			defaultConfigurationName = Release;
		};
/* End XCConfigurationList section */
	};
	rootObject = BFDFE7DC352907FC980B868725387E98 /* Project object */;
}
